
Microsoft Visual Studio Solution File, Format Version 12.00
# Visual Studio Version 17
VisualStudioVersion = 17.0.32014.148
MinimumVisualStudioVersion = 10.0.40219.1
Project("{FAE04EC0-301F-11D3-BF4B-00C04F79EFBC}") = "LinqWithEFCore", "LinqWithEFCore\LinqWithEFCore.csproj", "{BB0B77C6-7176-4BBE-8B68-17783F200EE2}"
EndProject
Global
	GlobalSection(SolutionConfigurationPlatforms) = preSolution
		Debug|Any CPU = Debug|Any CPU
		Release|Any CPU = Release|Any CPU
	EndGlobalSection
	GlobalSection(ProjectConfigurationPlatforms) = postSolution
		{BB0B77C6-7176-4BBE-8B68-17783F200EE2}.Debug|Any CPU.ActiveCfg = Debug|Any CPU
		{BB0B77C6-7176-4BBE-8B68-17783F200EE2}.Debug|Any CPU.Build.0 = Debug|Any CPU
		{BB0B77C6-7176-4BBE-8B68-17783F200EE2}.Release|Any CPU.ActiveCfg = Release|Any CPU
		{BB0B77C6-7176-4BBE-8B68-17783F200EE2}.Release|Any CPU.Build.0 = Release|Any CPU
	EndGlobalSection
	GlobalSection(SolutionProperties) = preSolution
		HideSolutionNode = FALSE
	EndGlobalSection
	GlobalSection(ExtensibilityGlobals) = postSolution
		SolutionGuid = {F9C5FD00-CB00-439C-8F8A-7BCF74B52A72}
	EndGlobalSection
EndGlobal
